
Microsoft Visual Studio Solution File, Format Version 12.00
# Visual Studio 15
VisualStudioVersion = 15.0.26730.12
MinimumVisualStudioVersion = 10.0.40219.1
Project("{FAE04EC0-301F-11D3-BF4B-00C04F79EFBC}") = "TestMailBee", "TestMailBee\TestMailBee.csproj", "{6BE3F4FC-1E98-466A-9B65-91B7C901BD83}"
EndProject
Global
	GlobalSection(SolutionConfigurationPlatforms) = preSolution
		Debug|Any CPU = Debug|Any CPU
		Release|Any CPU = Release|Any CPU
	EndGlobalSection
	GlobalSection(ProjectConfigurationPlatforms) = postSolution
		{6BE3F4FC-1E98-466A-9B65-91B7C901BD83}.Debug|Any CPU.ActiveCfg = Debug|Any CPU
		{6BE3F4FC-1E98-466A-9B65-91B7C901BD83}.Debug|Any CPU.Build.0 = Debug|Any CPU
		{6BE3F4FC-1E98-466A-9B65-91B7C901BD83}.Release|Any CPU.ActiveCfg = Release|Any CPU
		{6BE3F4FC-1E98-466A-9B65-91B7C901BD83}.Release|Any CPU.Build.0 = Release|Any CPU
	EndGlobalSection
	GlobalSection(SolutionProperties) = preSolution
		HideSolutionNode = FALSE
	EndGlobalSection
	GlobalSection(ExtensibilityGlobals) = postSolution
		SolutionGuid = {ECA6773F-9FC4-45F0-9ACA-6D7F2701B7AA}
	EndGlobalSection
EndGlobal
